// !$*UTF8*$!
{
	archiveVersion = 1;
	classes = {
	};
	objectVersion = 50;
	objects = {

/* Begin PBXBuildFile section */
		24078443216FCBB900D5DC45 /* MainSplitViewController.swift in Sources */ = {isa = PBXBuildFile; fileRef = 24078442216FCBB900D5DC45 /* MainSplitViewController.swift */; };
		24581FDD217BDA2200FB221F /* RealmBaseAppTests.swift in Sources */ = {isa = PBXBuildFile; fileRef = 24581FDC217BDA2200FB221F /* RealmBaseAppTests.swift */; };
		2461C1082173DDC9009432CE /* UITableView.swift in Sources */ = {isa = PBXBuildFile; fileRef = 2461C1072173DDC9009432CE /* UITableView.swift */; };
		24F14D35214CF77600C3CC36 /* AppDelegate.swift in Sources */ = {isa = PBXBuildFile; fileRef = 24F14D34214CF77600C3CC36 /* AppDelegate.swift */; };
		24F14D3A214CF77600C3CC36 /* Main.storyboard in Resources */ = {isa = PBXBuildFile; fileRef = 24F14D38214CF77600C3CC36 /* Main.storyboard */; };
		24F14D3C214CF77700C3CC36 /* Assets.xcassets in Resources */ = {isa = PBXBuildFile; fileRef = 24F14D3B214CF77700C3CC36 /* Assets.xcassets */; };
		24F14D3F214CF77700C3CC36 /* LaunchScreen.storyboard in Resources */ = {isa = PBXBuildFile; fileRef = 24F14D3D214CF77700C3CC36 /* LaunchScreen.storyboard */; };
		24F14D47214CFD6500C3CC36 /* ItemsTableViewController.swift in Sources */ = {isa = PBXBuildFile; fileRef = 24F14D46214CFD6500C3CC36 /* ItemsTableViewController.swift */; };
		24F14D49214CFEA800C3CC36 /* ItemViewController.swift in Sources */ = {isa = PBXBuildFile; fileRef = 24F14D48214CFEA800C3CC36 /* ItemViewController.swift */; };
		24F14D4B214CFF6C00C3CC36 /* ItemUpdateTableViewController.swift in Sources */ = {isa = PBXBuildFile; fileRef = 24F14D4A214CFF6C00C3CC36 /* ItemUpdateTableViewController.swift */; };
		24F14D4D214D07D700C3CC36 /* DefaultRealm.swift in Sources */ = {isa = PBXBuildFile; fileRef = 24F14D4C214D07D700C3CC36 /* DefaultRealm.swift */; };
		24F14D51214D0FDD00C3CC36 /* ItemCell.swift in Sources */ = {isa = PBXBuildFile; fileRef = 24F14D50214D0FDD00C3CC36 /* ItemCell.swift */; };
		24F4978821836ECF00955AF7 /* Item.swift in Sources */ = {isa = PBXBuildFile; fileRef = 24F4978721836ECE00955AF7 /* Item.swift */; };
		24F4978A21837F9400955AF7 /* SegueHandler.swift in Sources */ = {isa = PBXBuildFile; fileRef = 24F4978921837F9400955AF7 /* SegueHandler.swift */; };
		24F4978C21838D0200955AF7 /* TableViewSectionHandler.swift in Sources */ = {isa = PBXBuildFile; fileRef = 24F4978B21838D0200955AF7 /* TableViewSectionHandler.swift */; };
		24F4978E2184C02800955AF7 /* Notification.swift in Sources */ = {isa = PBXBuildFile; fileRef = 24F4978D2184C02800955AF7 /* Notification.swift */; };
		FD6632D882EC817F69667110 /* Pods_RealmBaseApp.framework in Frameworks */ = {isa = PBXBuildFile; fileRef = 180DAB409328DF9265D41A8E /* Pods_RealmBaseApp.framework */; };
/* End PBXBuildFile section */

/* Begin PBXContainerItemProxy section */
		24581FDF217BDA2200FB221F /* PBXContainerItemProxy */ = {
			isa = PBXContainerItemProxy;
			containerPortal = 24F14D29214CF77600C3CC36 /* Project object */;
			proxyType = 1;
			remoteGlobalIDString = 24F14D30214CF77600C3CC36;
			remoteInfo = RealmBaseApp;
		};
/* End PBXContainerItemProxy section */

/* Begin PBXFileReference section */
		180DAB409328DF9265D41A8E /* Pods_RealmBaseApp.framework */ = {isa = PBXFileReference; explicitFileType = wrapper.framework; includeInIndex = 0; path = Pods_RealmBaseApp.framework; sourceTree = BUILT_PRODUCTS_DIR; };
		24078442216FCBB900D5DC45 /* MainSplitViewController.swift */ = {isa = PBXFileReference; lastKnownFileType = sourcecode.swift; path = MainSplitViewController.swift; sourceTree = "<group>"; };
		24581FDA217BDA2200FB221F /* RealmBaseAppTests.xctest */ = {isa = PBXFileReference; explicitFileType = wrapper.cfbundle; includeInIndex = 0; path = RealmBaseAppTests.xctest; sourceTree = BUILT_PRODUCTS_DIR; };
		24581FDC217BDA2200FB221F /* RealmBaseAppTests.swift */ = {isa = PBXFileReference; lastKnownFileType = sourcecode.swift; path = RealmBaseAppTests.swift; sourceTree = "<group>"; };
		24581FDE217BDA2200FB221F /* Info.plist */ = {isa = PBXFileReference; lastKnownFileType = text.plist.xml; path = Info.plist; sourceTree = "<group>"; };
		2461C1072173DDC9009432CE /* UITableView.swift */ = {isa = PBXFileReference; lastKnownFileType = sourcecode.swift; path = UITableView.swift; sourceTree = "<group>"; };
		24F14D31214CF77600C3CC36 /* RealmBaseApp.app */ = {isa = PBXFileReference; explicitFileType = wrapper.application; includeInIndex = 0; path = RealmBaseApp.app; sourceTree = BUILT_PRODUCTS_DIR; };
		24F14D34214CF77600C3CC36 /* AppDelegate.swift */ = {isa = PBXFileReference; lastKnownFileType = sourcecode.swift; path = AppDelegate.swift; sourceTree = "<group>"; };
		24F14D39214CF77600C3CC36 /* Base */ = {isa = PBXFileReference; lastKnownFileType = file.storyboard; name = Base; path = Base.lproj/Main.storyboard; sourceTree = "<group>"; };
		24F14D3B214CF77700C3CC36 /* Assets.xcassets */ = {isa = PBXFileReference; lastKnownFileType = folder.assetcatalog; path = Assets.xcassets; sourceTree = "<group>"; };
		24F14D3E214CF77700C3CC36 /* Base */ = {isa = PBXFileReference; lastKnownFileType = file.storyboard; name = Base; path = Base.lproj/LaunchScreen.storyboard; sourceTree = "<group>"; };
		24F14D40214CF77700C3CC36 /* Info.plist */ = {isa = PBXFileReference; lastKnownFileType = text.plist.xml; path = Info.plist; sourceTree = "<group>"; };
		24F14D46214CFD6500C3CC36 /* ItemsTableViewController.swift */ = {isa = PBXFileReference; fileEncoding = 4; lastKnownFileType = sourcecode.swift; path = ItemsTableViewController.swift; sourceTree = "<group>"; };
		24F14D48214CFEA800C3CC36 /* ItemViewController.swift */ = {isa = PBXFileReference; lastKnownFileType = sourcecode.swift; path = ItemViewController.swift; sourceTree = "<group>"; };
		24F14D4A214CFF6C00C3CC36 /* ItemUpdateTableViewController.swift */ = {isa = PBXFileReference; fileEncoding = 4; lastKnownFileType = sourcecode.swift; lineEnding = 0; path = ItemUpdateTableViewController.swift; sourceTree = "<group>"; };
		24F14D4C214D07D700C3CC36 /* DefaultRealm.swift */ = {isa = PBXFileReference; lastKnownFileType = sourcecode.swift; path = DefaultRealm.swift; sourceTree = "<group>"; };
		24F14D50214D0FDD00C3CC36 /* ItemCell.swift */ = {isa = PBXFileReference; lastKnownFileType = sourcecode.swift; path = ItemCell.swift; sourceTree = "<group>"; };
		24F4978721836ECE00955AF7 /* Item.swift */ = {isa = PBXFileReference; fileEncoding = 4; lastKnownFileType = sourcecode.swift; path = Item.swift; sourceTree = "<group>"; };
		24F4978921837F9400955AF7 /* SegueHandler.swift */ = {isa = PBXFileReference; lastKnownFileType = sourcecode.swift; path = SegueHandler.swift; sourceTree = "<group>"; };
		24F4978B21838D0200955AF7 /* TableViewSectionHandler.swift */ = {isa = PBXFileReference; lastKnownFileType = sourcecode.swift; path = TableViewSectionHandler.swift; sourceTree = "<group>"; };
		24F4978D2184C02800955AF7 /* Notification.swift */ = {isa = PBXFileReference; lastKnownFileType = sourcecode.swift; path = Notification.swift; sourceTree = "<group>"; };
		9990476C01AD892C4D0B50FD /* Pods-RealmBaseApp.release.xcconfig */ = {isa = PBXFileReference; includeInIndex = 1; lastKnownFileType = text.xcconfig; name = "Pods-RealmBaseApp.release.xcconfig"; path = "Pods/Target Support Files/Pods-RealmBaseApp/Pods-RealmBaseApp.release.xcconfig"; sourceTree = "<group>"; };
		ABE48FE4499375834E4F3C53 /* Pods-RealmBaseApp.debug.xcconfig */ = {isa = PBXFileReference; includeInIndex = 1; lastKnownFileType = text.xcconfig; name = "Pods-RealmBaseApp.debug.xcconfig"; path = "Pods/Target Support Files/Pods-RealmBaseApp/Pods-RealmBaseApp.debug.xcconfig"; sourceTree = "<group>"; };
/* End PBXFileReference section */

/* Begin PBXFrameworksBuildPhase section */
		24581FD7217BDA2200FB221F /* Frameworks */ = {
			isa = PBXFrameworksBuildPhase;
			buildActionMask = 2147483647;
			files = (
			);
			runOnlyForDeploymentPostprocessing = 0;
		};
		24F14D2E214CF77600C3CC36 /* Frameworks */ = {
			isa = PBXFrameworksBuildPhase;
			buildActionMask = 2147483647;
			files = (
				FD6632D882EC817F69667110 /* Pods_RealmBaseApp.framework in Frameworks */,
			);
			runOnlyForDeploymentPostprocessing = 0;
		};
/* End PBXFrameworksBuildPhase section */

/* Begin PBXGroup section */
		24581FDB217BDA2200FB221F /* RealmBaseAppTests */ = {
			isa = PBXGroup;
			children = (
				24581FDC217BDA2200FB221F /* RealmBaseAppTests.swift */,
				24581FDE217BDA2200FB221F /* Info.plist */,
			);
			path = RealmBaseAppTests;
			sourceTree = "<group>";
		};
		24F14D28214CF77600C3CC36 = {
			isa = PBXGroup;
			children = (
				24F14D33214CF77600C3CC36 /* RealmBaseApp */,
				24581FDB217BDA2200FB221F /* RealmBaseAppTests */,
				24F14D32214CF77600C3CC36 /* Products */,
				608F21B6AE6AB82A00D6A9DD /* Pods */,
				FDD7A8E5E388AF186E6DE9B5 /* Frameworks */,
			);
			sourceTree = "<group>";
		};
		24F14D32214CF77600C3CC36 /* Products */ = {
			isa = PBXGroup;
			children = (
				24F14D31214CF77600C3CC36 /* RealmBaseApp.app */,
				24581FDA217BDA2200FB221F /* RealmBaseAppTests.xctest */,
			);
			name = Products;
			sourceTree = "<group>";
		};
		24F14D33214CF77600C3CC36 /* RealmBaseApp */ = {
			isa = PBXGroup;
			children = (
				24F4978721836ECE00955AF7 /* Item.swift */,
				24F14D34214CF77600C3CC36 /* AppDelegate.swift */,
				24F14D38214CF77600C3CC36 /* Main.storyboard */,
				24F14D3B214CF77700C3CC36 /* Assets.xcassets */,
				24F14D3D214CF77700C3CC36 /* LaunchScreen.storyboard */,
				24F14D40214CF77700C3CC36 /* Info.plist */,
				24F14D46214CFD6500C3CC36 /* ItemsTableViewController.swift */,
				24F14D48214CFEA800C3CC36 /* ItemViewController.swift */,
				24F14D4A214CFF6C00C3CC36 /* ItemUpdateTableViewController.swift */,
				24F14D4C214D07D700C3CC36 /* DefaultRealm.swift */,
				24F14D50214D0FDD00C3CC36 /* ItemCell.swift */,
				24078442216FCBB900D5DC45 /* MainSplitViewController.swift */,
				2461C1072173DDC9009432CE /* UITableView.swift */,
				24F4978921837F9400955AF7 /* SegueHandler.swift */,
				24F4978B21838D0200955AF7 /* TableViewSectionHandler.swift */,
				24F4978D2184C02800955AF7 /* Notification.swift */,
			);
			path = RealmBaseApp;
			sourceTree = "<group>";
		};
		608F21B6AE6AB82A00D6A9DD /* Pods */ = {
			isa = PBXGroup;
			children = (
				ABE48FE4499375834E4F3C53 /* Pods-RealmBaseApp.debug.xcconfig */,
				9990476C01AD892C4D0B50FD /* Pods-RealmBaseApp.release.xcconfig */,
			);
			name = Pods;
			sourceTree = "<group>";
		};
		FDD7A8E5E388AF186E6DE9B5 /* Frameworks */ = {
			isa = PBXGroup;
			children = (
				180DAB409328DF9265D41A8E /* Pods_RealmBaseApp.framework */,
			);
			name = Frameworks;
			sourceTree = "<group>";
		};
/* End PBXGroup section */

/* Begin PBXNativeTarget section */
		24581FD9217BDA2200FB221F /* RealmBaseAppTests */ = {
			isa = PBXNativeTarget;
			buildConfigurationList = 24581FE3217BDA2200FB221F /* Build configuration list for PBXNativeTarget "RealmBaseAppTests" */;
			buildPhases = (
				24581FD6217BDA2200FB221F /* Sources */,
				24581FD7217BDA2200FB221F /* Frameworks */,
				24581FD8217BDA2200FB221F /* Resources */,
			);
			buildRules = (
			);
			dependencies = (
				24581FE0217BDA2200FB221F /* PBXTargetDependency */,
			);
			name = RealmBaseAppTests;
			productName = RealmBaseAppTests;
			productReference = 24581FDA217BDA2200FB221F /* RealmBaseAppTests.xctest */;
			productType = "com.apple.product-type.bundle.unit-test";
		};
		24F14D30214CF77600C3CC36 /* RealmBaseApp */ = {
			isa = PBXNativeTarget;
			buildConfigurationList = 24F14D43214CF77700C3CC36 /* Build configuration list for PBXNativeTarget "RealmBaseApp" */;
			buildPhases = (
				90E6B54FBEBD8BEE6F79894F /* [CP] Check Pods Manifest.lock */,
				24F14D2D214CF77600C3CC36 /* Sources */,
				24F14D2E214CF77600C3CC36 /* Frameworks */,
				24F14D2F214CF77600C3CC36 /* Resources */,
				0CD06742B616A83B4FC49B11 /* [CP] Embed Pods Frameworks */,
			);
			buildRules = (
			);
			dependencies = (
			);
			name = RealmBaseApp;
			productName = RealmBaseApp;
			productReference = 24F14D31214CF77600C3CC36 /* RealmBaseApp.app */;
			productType = "com.apple.product-type.application";
		};
/* End PBXNativeTarget section */

/* Begin PBXProject section */
		24F14D29214CF77600C3CC36 /* Project object */ = {
			isa = PBXProject;
			attributes = {
				LastSwiftUpdateCheck = 1000;
				LastUpgradeCheck = 0940;
				ORGANIZATIONNAME = "Mayflower GmbH";
				TargetAttributes = {
					24581FD9217BDA2200FB221F = {
						CreatedOnToolsVersion = 10.0;
						TestTargetID = 24F14D30214CF77600C3CC36;
					};
					24F14D30214CF77600C3CC36 = {
						CreatedOnToolsVersion = 9.4.1;
						LastSwiftMigration = 1000;
					};
				};
			};
			buildConfigurationList = 24F14D2C214CF77600C3CC36 /* Build configuration list for PBXProject "RealmBaseApp" */;
			compatibilityVersion = "Xcode 9.3";
			developmentRegion = en;
			hasScannedForEncodings = 0;
			knownRegions = (
				en,
				Base,
			);
			mainGroup = 24F14D28214CF77600C3CC36;
			productRefGroup = 24F14D32214CF77600C3CC36 /* Products */;
			projectDirPath = "";
			projectRoot = "";
			targets = (
				24F14D30214CF77600C3CC36 /* RealmBaseApp */,
				24581FD9217BDA2200FB221F /* RealmBaseAppTests */,
			);
		};
/* End PBXProject section */

/* Begin PBXResourcesBuildPhase section */
		24581FD8217BDA2200FB221F /* Resources */ = {
			isa = PBXResourcesBuildPhase;
			buildActionMask = 2147483647;
			files = (
			);
			runOnlyForDeploymentPostprocessing = 0;
		};
		24F14D2F214CF77600C3CC36 /* Resources */ = {
			isa = PBXResourcesBuildPhase;
			buildActionMask = 2147483647;
			files = (
				24F14D3F214CF77700C3CC36 /* LaunchScreen.storyboard in Resources */,
				24F14D3C214CF77700C3CC36 /* Assets.xcassets in Resources */,
				24F14D3A214CF77600C3CC36 /* Main.storyboard in Resources */,
			);
			runOnlyForDeploymentPostprocessing = 0;
		};
/* End PBXResourcesBuildPhase section */

/* Begin PBXShellScriptBuildPhase section */
		0CD06742B616A83B4FC49B11 /* [CP] Embed Pods Frameworks */ = {
			isa = PBXShellScriptBuildPhase;
			buildActionMask = 2147483647;
			files = (
			);
			inputPaths = (
				"${SRCROOT}/Pods/Target Support Files/Pods-RealmBaseApp/Pods-RealmBaseApp-frameworks.sh",
				"${BUILT_PRODUCTS_DIR}/Realm/Realm.framework",
				"${BUILT_PRODUCTS_DIR}/RealmSwift/RealmSwift.framework",
			);
			name = "[CP] Embed Pods Frameworks";
			outputPaths = (
				"${TARGET_BUILD_DIR}/${FRAMEWORKS_FOLDER_PATH}/Realm.framework",
				"${TARGET_BUILD_DIR}/${FRAMEWORKS_FOLDER_PATH}/RealmSwift.framework",
			);
			runOnlyForDeploymentPostprocessing = 0;
			shellPath = /bin/sh;
			shellScript = "\"${SRCROOT}/Pods/Target Support Files/Pods-RealmBaseApp/Pods-RealmBaseApp-frameworks.sh\"\n";
			showEnvVarsInLog = 0;
		};
		90E6B54FBEBD8BEE6F79894F /* [CP] Check Pods Manifest.lock */ = {
			isa = PBXShellScriptBuildPhase;
			buildActionMask = 2147483647;
			files = (
			);
			inputPaths = (
				"${PODS_PODFILE_DIR_PATH}/Podfile.lock",
				"${PODS_ROOT}/Manifest.lock",
			);
			name = "[CP] Check Pods Manifest.lock";
			outputPaths = (
				"$(DERIVED_FILE_DIR)/Pods-RealmBaseApp-checkManifestLockResult.txt",
			);
			runOnlyForDeploymentPostprocessing = 0;
			shellPath = /bin/sh;
			shellScript = "diff \"${PODS_PODFILE_DIR_PATH}/Podfile.lock\" \"${PODS_ROOT}/Manifest.lock\" > /dev/null\nif [ $? != 0 ] ; then\n    # print error to STDERR\n    echo \"error: The sandbox is not in sync with the Podfile.lock. Run 'pod install' or update your CocoaPods installation.\" >&2\n    exit 1\nfi\n# This output is used by Xcode 'outputs' to avoid re-running this script phase.\necho \"SUCCESS\" > \"${SCRIPT_OUTPUT_FILE_0}\"\n";
			showEnvVarsInLog = 0;
		};
/* End PBXShellScriptBuildPhase section */

/* Begin PBXSourcesBuildPhase section */
		24581FD6217BDA2200FB221F /* Sources */ = {
			isa = PBXSourcesBuildPhase;
			buildActionMask = 2147483647;
			files = (
				24581FDD217BDA2200FB221F /* RealmBaseAppTests.swift in Sources */,
			);
			runOnlyForDeploymentPostprocessing = 0;
		};
		24F14D2D214CF77600C3CC36 /* Sources */ = {
			isa = PBXSourcesBuildPhase;
			buildActionMask = 2147483647;
			files = (
				24078443216FCBB900D5DC45 /* MainSplitViewController.swift in Sources */,
				24F4978821836ECF00955AF7 /* Item.swift in Sources */,
				24F14D35214CF77600C3CC36 /* AppDelegate.swift in Sources */,
				24F14D47214CFD6500C3CC36 /* ItemsTableViewController.swift in Sources */,
				24F14D49214CFEA800C3CC36 /* ItemViewController.swift in Sources */,
				24F14D4B214CFF6C00C3CC36 /* ItemUpdateTableViewController.swift in Sources */,
				24F4978A21837F9400955AF7 /* SegueHandler.swift in Sources */,
				2461C1082173DDC9009432CE /* UITableView.swift in Sources */,
				24F4978E2184C02800955AF7 /* Notification.swift in Sources */,
				24F4978C21838D0200955AF7 /* TableViewSectionHandler.swift in Sources */,
				24F14D51214D0FDD00C3CC36 /* ItemCell.swift in Sources */,
				24F14D4D214D07D700C3CC36 /* DefaultRealm.swift in Sources */,
			);
			runOnlyForDeploymentPostprocessing = 0;
		};
/* End PBXSourcesBuildPhase section */

/* Begin PBXTargetDependency section */
		24581FE0217BDA2200FB221F /* PBXTargetDependency */ = {
			isa = PBXTargetDependency;
			target = 24F14D30214CF77600C3CC36 /* RealmBaseApp */;
			targetProxy = 24581FDF217BDA2200FB221F /* PBXContainerItemProxy */;
		};
/* End PBXTargetDependency section */

/* Begin PBXVariantGroup section */
		24F14D38214CF77600C3CC36 /* Main.storyboard */ = {
			isa = PBXVariantGroup;
			children = (
				24F14D39214CF77600C3CC36 /* Base */,
			);
			name = Main.storyboard;
			sourceTree = "<group>";
		};
		24F14D3D214CF77700C3CC36 /* LaunchScreen.storyboard */ = {
			isa = PBXVariantGroup;
			children = (
				24F14D3E214CF77700C3CC36 /* Base */,
			);
			name = LaunchScreen.storyboard;
			sourceTree = "<group>";
		};
/* End PBXVariantGroup section */

/* Begin XCBuildConfiguration section */
		24581FE1217BDA2200FB221F /* Debug */ = {
			isa = XCBuildConfiguration;
			buildSettings = {
				BUNDLE_LOADER = "$(TEST_HOST)";
				CODE_SIGN_STYLE = Automatic;
				DEVELOPMENT_TEAM = L79BTFY6FV;
				INFOPLIST_FILE = RealmBaseAppTests/Info.plist;
				IPHONEOS_DEPLOYMENT_TARGET = 12.0;
				LD_RUNPATH_SEARCH_PATHS = (
					"$(inherited)",
					"@executable_path/Frameworks",
					"@loader_path/Frameworks",
				);
				MTL_ENABLE_DEBUG_INFO = INCLUDE_SOURCE;
				MTL_FAST_MATH = YES;
				PRODUCT_BUNDLE_IDENTIFIER = de.mayflower.jo.RealmBaseAppTests;
				PRODUCT_NAME = "$(TARGET_NAME)";
				SWIFT_VERSION = 4.2;
				TARGETED_DEVICE_FAMILY = "1,2";
				TEST_HOST = "$(BUILT_PRODUCTS_DIR)/RealmBaseApp.app/RealmBaseApp";
			};
			name = Debug;
		};
		24581FE2217BDA2200FB221F /* Release */ = {
			isa = XCBuildConfiguration;
			buildSettings = {
				BUNDLE_LOADER = "$(TEST_HOST)";
				CODE_SIGN_STYLE = Automatic;
				DEVELOPMENT_TEAM = L79BTFY6FV;
				INFOPLIST_FILE = RealmBaseAppTests/Info.plist;
				IPHONEOS_DEPLOYMENT_TARGET = 12.0;
				LD_RUNPATH_SEARCH_PATHS = (
					"$(inherited)",
					"@executable_path/Frameworks",
					"@loader_path/Frameworks",
				);
				MTL_FAST_MATH = YES;
				PRODUCT_BUNDLE_IDENTIFIER = de.mayflower.jo.RealmBaseAppTests;
				PRODUCT_NAME = "$(TARGET_NAME)";
				SWIFT_VERSION = 4.2;
				TARGETED_DEVICE_FAMILY = "1,2";
				TEST_HOST = "$(BUILT_PRODUCTS_DIR)/RealmBaseApp.app/RealmBaseApp";
			};
			name = Release;
		};
		24F14D41214CF77700C3CC36 /* Debug */ = {
			isa = XCBuildConfiguration;
			buildSettings = {
				ALWAYS_SEARCH_USER_PATHS = NO;
				CLANG_ANALYZER_NONNULL = YES;
				CLANG_ANALYZER_NUMBER_OBJECT_CONVERSION = YES_AGGRESSIVE;
				CLANG_CXX_LANGUAGE_STANDARD = "gnu++14";
				CLANG_CXX_LIBRARY = "libc++";
				CLANG_ENABLE_MODULES = YES;
				CLANG_ENABLE_OBJC_ARC = YES;
				CLANG_ENABLE_OBJC_WEAK = YES;
				CLANG_WARN_BLOCK_CAPTURE_AUTORELEASING = YES;
				CLANG_WARN_BOOL_CONVERSION = YES;
				CLANG_WARN_COMMA = YES;
				CLANG_WARN_CONSTANT_CONVERSION = YES;
				CLANG_WARN_DEPRECATED_OBJC_IMPLEMENTATIONS = YES;
				CLANG_WARN_DIRECT_OBJC_ISA_USAGE = YES_ERROR;
				CLANG_WARN_DOCUMENTATION_COMMENTS = YES;
				CLANG_WARN_EMPTY_BODY = YES;
				CLANG_WARN_ENUM_CONVERSION = YES;
				CLANG_WARN_INFINITE_RECURSION = YES;
				CLANG_WARN_INT_CONVERSION = YES;
				CLANG_WARN_NON_LITERAL_NULL_CONVERSION = YES;
				CLANG_WARN_OBJC_IMPLICIT_RETAIN_SELF = YES;
				CLANG_WARN_OBJC_LITERAL_CONVERSION = YES;
				CLANG_WARN_OBJC_ROOT_CLASS = YES_ERROR;
				CLANG_WARN_RANGE_LOOP_ANALYSIS = YES;
				CLANG_WARN_STRICT_PROTOTYPES = YES;
				CLANG_WARN_SUSPICIOUS_MOVE = YES;
				CLANG_WARN_UNGUARDED_AVAILABILITY = YES_AGGRESSIVE;
				CLANG_WARN_UNREACHABLE_CODE = YES;
				CLANG_WARN__DUPLICATE_METHOD_MATCH = YES;
				CODE_SIGN_IDENTITY = "iPhone Developer";
				COPY_PHASE_STRIP = NO;
				DEBUG_INFORMATION_FORMAT = dwarf;
				ENABLE_STRICT_OBJC_MSGSEND = YES;
				ENABLE_TESTABILITY = YES;
				GCC_C_LANGUAGE_STANDARD = gnu11;
				GCC_DYNAMIC_NO_PIC = NO;
				GCC_NO_COMMON_BLOCKS = YES;
				GCC_OPTIMIZATION_LEVEL = 0;
				GCC_PREPROCESSOR_DEFINITIONS = (
					"DEBUG=1",
					"$(inherited)",
				);
				GCC_WARN_64_TO_32_BIT_CONVERSION = YES;
				GCC_WARN_ABOUT_RETURN_TYPE = YES_ERROR;
				GCC_WARN_UNDECLARED_SELECTOR = YES;
				GCC_WARN_UNINITIALIZED_AUTOS = YES_AGGRESSIVE;
				GCC_WARN_UNUSED_FUNCTION = YES;
				GCC_WARN_UNUSED_VARIABLE = YES;
				IPHONEOS_DEPLOYMENT_TARGET = 11.0;
				MTL_ENABLE_DEBUG_INFO = YES;
				ONLY_ACTIVE_ARCH = YES;
				SDKROOT = iphoneos;
				SWIFT_ACTIVE_COMPILATION_CONDITIONS = DEBUG;
				SWIFT_OPTIMIZATION_LEVEL = "-Onone";
			};
			name = Debug;
		};
		24F14D42214CF77700C3CC36 /* Release */ = {
			isa = XCBuildConfiguration;
			buildSettings = {
				ALWAYS_SEARCH_USER_PATHS = NO;
				CLANG_ANALYZER_NONNULL = YES;
				CLANG_ANALYZER_NUMBER_OBJECT_CONVERSION = YES_AGGRESSIVE;
				CLANG_CXX_LANGUAGE_STANDARD = "gnu++14";
				CLANG_CXX_LIBRARY = "libc++";
				CLANG_ENABLE_MODULES = YES;
				CLANG_ENABLE_OBJC_ARC = YES;
				CLANG_ENABLE_OBJC_WEAK = YES;
				CLANG_WARN_BLOCK_CAPTURE_AUTORELEASING = YES;
				CLANG_WARN_BOOL_CONVERSION = YES;
				CLANG_WARN_COMMA = YES;
				CLANG_WARN_CONSTANT_CONVERSION = YES;
				CLANG_WARN_DEPRECATED_OBJC_IMPLEMENTATIONS = YES;
				CLANG_WARN_DIRECT_OBJC_ISA_USAGE = YES_ERROR;
				CLANG_WARN_DOCUMENTATION_COMMENTS = YES;
				CLANG_WARN_EMPTY_BODY = YES;
				CLANG_WARN_ENUM_CONVERSION = YES;
				CLANG_WARN_INFINITE_RECURSION = YES;
				CLANG_WARN_INT_CONVERSION = YES;
				CLANG_WARN_NON_LITERAL_NULL_CONVERSION = YES;
				CLANG_WARN_OBJC_IMPLICIT_RETAIN_SELF = YES;
				CLANG_WARN_OBJC_LITERAL_CONVERSION = YES;
				CLANG_WARN_OBJC_ROOT_CLASS = YES_ERROR;
				CLANG_WARN_RANGE_LOOP_ANALYSIS = YES;
				CLANG_WARN_STRICT_PROTOTYPES = YES;
				CLANG_WARN_SUSPICIOUS_MOVE = YES;
				CLANG_WARN_UNGUARDED_AVAILABILITY = YES_AGGRESSIVE;
				CLANG_WARN_UNREACHABLE_CODE = YES;
				CLANG_WARN__DUPLICATE_METHOD_MATCH = YES;
				CODE_SIGN_IDENTITY = "iPhone Developer";
				COPY_PHASE_STRIP = NO;
				DEBUG_INFORMATION_FORMAT = "dwarf-with-dsym";
				ENABLE_NS_ASSERTIONS = NO;
				ENABLE_STRICT_OBJC_MSGSEND = YES;
				GCC_C_LANGUAGE_STANDARD = gnu11;
				GCC_NO_COMMON_BLOCKS = YES;
				GCC_WARN_64_TO_32_BIT_CONVERSION = YES;
				GCC_WARN_ABOUT_RETURN_TYPE = YES_ERROR;
				GCC_WARN_UNDECLARED_SELECTOR = YES;
				GCC_WARN_UNINITIALIZED_AUTOS = YES_AGGRESSIVE;
				GCC_WARN_UNUSED_FUNCTION = YES;
				GCC_WARN_UNUSED_VARIABLE = YES;
				IPHONEOS_DEPLOYMENT_TARGET = 11.0;
				MTL_ENABLE_DEBUG_INFO = NO;
				SDKROOT = iphoneos;
				SWIFT_COMPILATION_MODE = wholemodule;
				SWIFT_OPTIMIZATION_LEVEL = "-O";
				VALIDATE_PRODUCT = YES;
			};
			name = Release;
		};
		24F14D44214CF77700C3CC36 /* Debug */ = {
			isa = XCBuildConfiguration;
			baseConfigurationReference = ABE48FE4499375834E4F3C53 /* Pods-RealmBaseApp.debug.xcconfig */;
			buildSettings = {
				ASSETCATALOG_COMPILER_APPICON_NAME = AppIcon;
				CODE_SIGN_STYLE = Automatic;
				DEVELOPMENT_TEAM = L79BTFY6FV;
				INFOPLIST_FILE = RealmBaseApp/Info.plist;
				IPHONEOS_DEPLOYMENT_TARGET = 11.0;
				LD_RUNPATH_SEARCH_PATHS = (
					"$(inherited)",
					"@executable_path/Frameworks",
				);
				PRODUCT_BUNDLE_IDENTIFIER = de.mayflower.jo.RealmBaseApp;
				PRODUCT_NAME = "$(TARGET_NAME)";
				SWIFT_VERSION = 4.2;
				TARGETED_DEVICE_FAMILY = "1,2";
			};
			name = Debug;
		};
		24F14D45214CF77700C3CC36 /* Release */ = {
			isa = XCBuildConfiguration;
			baseConfigurationReference = 9990476C01AD892C4D0B50FD /* Pods-RealmBaseApp.release.xcconfig */;
			buildSettings = {
				ASSETCATALOG_COMPILER_APPICON_NAME = AppIcon;
				CODE_SIGN_STYLE = Automatic;
				DEVELOPMENT_TEAM = L79BTFY6FV;
				INFOPLIST_FILE = RealmBaseApp/Info.plist;
				IPHONEOS_DEPLOYMENT_TARGET = 11.0;
				LD_RUNPATH_SEARCH_PATHS = (
					"$(inherited)",
					"@executable_path/Frameworks",
				);
				PRODUCT_BUNDLE_IDENTIFIER = de.mayflower.jo.RealmBaseApp;
				PRODUCT_NAME = "$(TARGET_NAME)";
				SWIFT_VERSION = 4.2;
				TARGETED_DEVICE_FAMILY = "1,2";
			};
			name = Release;
		};
/* End XCBuildConfiguration section */

/* Begin XCConfigurationList section */
		24581FE3217BDA2200FB221F /* Build configuration list for PBXNativeTarget "RealmBaseAppTests" */ = {
			isa = XCConfigurationList;
			buildConfigurations = (
				24581FE1217BDA2200FB221F /* Debug */,
				24581FE2217BDA2200FB221F /* Release */,
			);
			defaultConfigurationIsVisible = 0;
			defaultConfigurationName = Release;
		};
		24F14D2C214CF77600C3CC36 /* Build configuration list for PBXProject "RealmBaseApp" */ = {
			isa = XCConfigurationList;
			buildConfigurations = (
				24F14D41214CF77700C3CC36 /* Debug */,
				24F14D42214CF77700C3CC36 /* Release */,
			);
			defaultConfigurationIsVisible = 0;
			defaultConfigurationName = Release;
		};
		24F14D43214CF77700C3CC36 /* Build configuration list for PBXNativeTarget "RealmBaseApp" */ = {
			isa = XCConfigurationList;
			buildConfigurations = (
				24F14D44214CF77700C3CC36 /* Debug */,
				24F14D45214CF77700C3CC36 /* Release */,
			);
			defaultConfigurationIsVisible = 0;
			defaultConfigurationName = Release;
		};
/* End XCConfigurationList section */
	};
	rootObject = 24F14D29214CF77600C3CC36 /* Project object */;
}
